
Microsoft Visual Studio Solution File, Format Version 12.00
# Visual Studio Version 17
VisualStudioVersion = 17.2.32526.322
MinimumVisualStudioVersion = 10.0.40219.1
Project("{FAE04EC0-301F-11D3-BF4B-00C04F79EFBC}") = "l11_challenges", "l11_challenges.csproj", "{6D35F50F-11C8-4406-B020-87D2D795EAE3}"
EndProject
Global
	GlobalSection(SolutionConfigurationPlatforms) = preSolution
		Debug|Any CPU = Debug|Any CPU
		Release|Any CPU = Release|Any CPU
	EndGlobalSection
	GlobalSection(ProjectConfigurationPlatforms) = postSolution
		{6D35F50F-11C8-4406-B020-87D2D795EAE3}.Debug|Any CPU.ActiveCfg = Debug|Any CPU
		{6D35F50F-11C8-4406-B020-87D2D795EAE3}.Debug|Any CPU.Build.0 = Debug|Any CPU
		{6D35F50F-11C8-4406-B020-87D2D795EAE3}.Release|Any CPU.ActiveCfg = Release|Any CPU
		{6D35F50F-11C8-4406-B020-87D2D795EAE3}.Release|Any CPU.Build.0 = Release|Any CPU
	EndGlobalSection
	GlobalSection(SolutionProperties) = preSolution
		HideSolutionNode = FALSE
	EndGlobalSection
	GlobalSection(ExtensibilityGlobals) = postSolution
		SolutionGuid = {D1A137CA-3540-4DB1-971E-57C88BDF43D2}
	EndGlobalSection
EndGlobal
